
Microsoft Visual Studio Solution File, Format Version 12.00
# Visual Studio 15
Project("{FAE04EC0-301F-11D3-BF4B-00C04F79EFBC}") = "Oculus.Interaction.Editor", "Oculus.Interaction.Editor.csproj", "{344F75E3-17BA-9D67-0F2D-68E5F034C5C0}"
EndProject
Project("{FAE04EC0-301F-11D3-BF4B-00C04F79EFBC}") = "Meta.WitAi.Conduit", "Meta.WitAi.Conduit.csproj", "{56A59B9B-BADA-3F90-C456-14A4C9893F60}"
EndProject
Project("{FAE04EC0-301F-11D3-BF4B-00C04F79EFBC}") = "Oculus.VR", "Oculus.VR.csproj", "{8CEEED72-65CC-FD86-ACE3-17CD9B177E30}"
EndProject
Project("{FAE04EC0-301F-11D3-BF4B-00C04F79EFBC}") = "Oculus.Interaction", "Oculus.Interaction.csproj", "{4406E449-9C24-905A-8C5C-7F4EBCB2CEE9}"
EndProject
Project("{FAE04EC0-301F-11D3-BF4B-00C04F79EFBC}") = "Meta.Voice.Samples.ShapesConduit", "Meta.Voice.Samples.ShapesConduit.csproj", "{3BB59EBF-9429-57A9-CE17-2E89EAD870E7}"
EndProject
Project("{FAE04EC0-301F-11D3-BF4B-00C04F79EFBC}") = "Meta.WitAi.Editor", "Meta.WitAi.Editor.csproj", "{48A567E4-70BA-D32E-96B3-981CA7049DDB}"
EndProject
Project("{FAE04EC0-301F-11D3-BF4B-00C04F79EFBC}") = "Oculus.Platform", "Oculus.Platform.csproj", "{11A8BA60-CA96-B130-8560-67747F7F77E9}"
EndProject
Project("{FAE04EC0-301F-11D3-BF4B-00C04F79EFBC}") = "VoiceSDK.Telemetry", "VoiceSDK.Telemetry.csproj", "{BFEE745F-9187-F3FC-5494-76EF52A47006}"
EndProject
Project("{FAE04EC0-301F-11D3-BF4B-00C04F79EFBC}") = "Meta.WitAi.Conduit.Editor", "Meta.WitAi.Conduit.Editor.csproj", "{A34AC3C7-2048-F1E5-91C0-154D9C7BCDAD}"
EndProject
Project("{FAE04EC0-301F-11D3-BF4B-00C04F79EFBC}") = "Meta.WitAi", "Meta.WitAi.csproj", "{A46D6987-7549-6E3A-589B-DD675A23DD81}"
EndProject
Project("{FAE04EC0-301F-11D3-BF4B-00C04F79EFBC}") = "Oculus.Interaction.OVR.Samples", "Oculus.Interaction.OVR.Samples.csproj", "{1E2DDBB3-BA42-F4AC-7F3B-8D4E1A7916E7}"
EndProject
Project("{FAE04EC0-301F-11D3-BF4B-00C04F79EFBC}") = "Assembly-CSharp", "Assembly-CSharp.csproj", "{C5250F9B-EFC0-6C6B-0738-2EE1A7B59620}"
EndProject
Project("{FAE04EC0-301F-11D3-BF4B-00C04F79EFBC}") = "Meta.WitAi.Lib", "Meta.WitAi.Lib.csproj", "{463E51E6-A4B3-5576-880B-3C96F08EAF2D}"
EndProject
Project("{FAE04EC0-301F-11D3-BF4B-00C04F79EFBC}") = "Oculus.VR.Editor", "Oculus.VR.Editor.csproj", "{428FE28F-70E5-DF41-9CD9-DA35C59A3673}"
EndProject
Project("{FAE04EC0-301F-11D3-BF4B-00C04F79EFBC}") = "Meta.Voice.Hub.Runtime", "Meta.Voice.Hub.Runtime.csproj", "{CCE51DF3-663C-FD34-A995-D03454883D53}"
EndProject
Project("{FAE04EC0-301F-11D3-BF4B-00C04F79EFBC}") = "Oculus.Interaction.OVR.Editor", "Oculus.Interaction.OVR.Editor.csproj", "{2981E288-55AF-2BFF-09CD-7699BCFE7F28}"
EndProject
Project("{FAE04EC0-301F-11D3-BF4B-00C04F79EFBC}") = "VoiceSDK.Dictation.Runtime", "VoiceSDK.Dictation.Runtime.csproj", "{B0B7A2F3-DF34-8E0C-027B-C48439DD8482}"
EndProject
Project("{FAE04EC0-301F-11D3-BF4B-00C04F79EFBC}") = "Oculus.LipSync", "Oculus.LipSync.csproj", "{DBE54336-6934-0D26-6080-C45D337133FA}"
EndProject
Project("{FAE04EC0-301F-11D3-BF4B-00C04F79EFBC}") = "Oculus.Interaction.OVR", "Oculus.Interaction.OVR.csproj", "{32952AB4-E003-8119-9201-BC962FA61FA1}"
EndProject
Project("{FAE04EC0-301F-11D3-BF4B-00C04F79EFBC}") = "Meta.Voice.Hub.Editor", "Meta.Voice.Hub.Editor.csproj", "{1F79ACEB-0858-D279-D6DB-A2A625FD488D}"
EndProject
Project("{FAE04EC0-301F-11D3-BF4B-00C04F79EFBC}") = "VoiceSDK.Editor", "VoiceSDK.Editor.csproj", "{EB145CA4-EB58-2E58-5489-76C7E3B52936}"
EndProject
Project("{FAE04EC0-301F-11D3-BF4B-00C04F79EFBC}") = "Meta.WitAI.Lib.Editor", "Meta.WitAI.Lib.Editor.csproj", "{CD85536F-DACB-CBC7-59DA-774246487EB0}"
EndProject
Project("{FAE04EC0-301F-11D3-BF4B-00C04F79EFBC}") = "Oculus.Spatializer.Editor", "Oculus.Spatializer.Editor.csproj", "{BE539B4F-723D-5473-A892-B720A2C4A67C}"
EndProject
Project("{FAE04EC0-301F-11D3-BF4B-00C04F79EFBC}") = "AssistantCoreSDKRuntime", "AssistantCoreSDKRuntime.csproj", "{47CA7015-B843-12F6-08C8-8EBD2F5E1CFA}"
EndProject
Project("{FAE04EC0-301F-11D3-BF4B-00C04F79EFBC}") = "Oculus.AudioManager", "Oculus.AudioManager.csproj", "{1B25B605-6226-14F5-F659-36B0DCDE0620}"
EndProject
Project("{FAE04EC0-301F-11D3-BF4B-00C04F79EFBC}") = "VoiceSDK.Runtime", "VoiceSDK.Runtime.csproj", "{A8E50742-01FE-3294-4F75-9C2262E63772}"
EndProject
Project("{FAE04EC0-301F-11D3-BF4B-00C04F79EFBC}") = "Facebook.Wit.Dictation", "Facebook.Wit.Dictation.csproj", "{43A0F674-EC30-0D2B-635E-766C70B7C382}"
EndProject
Project("{FAE04EC0-301F-11D3-BF4B-00C04F79EFBC}") = "Meta.Voice.Samples.BuiltInTimer", "Meta.Voice.Samples.BuiltInTimer.csproj", "{222F2E8B-9C03-CB6A-E3DB-C7516A4D0EC0}"
EndProject
Project("{FAE04EC0-301F-11D3-BF4B-00C04F79EFBC}") = "Oculus.Platform.Editor", "Oculus.Platform.Editor.csproj", "{8590249B-5858-F9A5-8FA8-4C793DE52FFA}"
EndProject
Project("{FAE04EC0-301F-11D3-BF4B-00C04F79EFBC}") = "Meta.XR.BuildingBlocks.Editor", "Meta.XR.BuildingBlocks.Editor.csproj", "{1113A672-1E32-298C-8992-72E46CF0B60C}"
EndProject
Project("{FAE04EC0-301F-11D3-BF4B-00C04F79EFBC}") = "Meta.Voice.Samples.TTSVoices", "Meta.Voice.Samples.TTSVoices.csproj", "{EBE9B5B8-5756-0BFC-BCD2-E3B5E82E1415}"
EndProject
Project("{FAE04EC0-301F-11D3-BF4B-00C04F79EFBC}") = "Meta.Voice.VSDKHub.Editor", "Meta.Voice.VSDKHub.Editor.csproj", "{94A3B061-0B03-F6FC-8CAA-B9329AD0528A}"
EndProject
Project("{FAE04EC0-301F-11D3-BF4B-00C04F79EFBC}") = "Meta.WitAi.TTS", "Meta.WitAi.TTS.csproj", "{3B476412-6E49-7300-714E-2BF55AB4C93D}"
EndProject
Project("{FAE04EC0-301F-11D3-BF4B-00C04F79EFBC}") = "Oculus.AudioManager.Audio.Editor", "Oculus.AudioManager.Audio.Editor.csproj", "{AE869ED8-0256-6984-10E1-5C00E37E3049}"
EndProject
Project("{FAE04EC0-301F-11D3-BF4B-00C04F79EFBC}") = "Assembly-CSharp-Editor", "Assembly-CSharp-Editor.csproj", "{44ACE1B8-99B9-0EE2-E87E-A287B9A53099}"
EndProject
Project("{FAE04EC0-301F-11D3-BF4B-00C04F79EFBC}") = "Meta.Voice.Samples.Chess", "Meta.Voice.Samples.Chess.csproj", "{C6AF2B48-963A-FE39-0085-E662E3088505}"
EndProject
Project("{FAE04EC0-301F-11D3-BF4B-00C04F79EFBC}") = "Oculus.VR.Scripts.Editor", "Oculus.VR.Scripts.Editor.csproj", "{B85BE66D-8A13-753F-9035-D8A833E07E98}"
EndProject
Project("{FAE04EC0-301F-11D3-BF4B-00C04F79EFBC}") = "Meta.Voice.Samples.LightTraits", "Meta.Voice.Samples.LightTraits.csproj", "{672635E2-2A8D-4316-C25D-B5CD1BBAB8C8}"
EndProject
Project("{FAE04EC0-301F-11D3-BF4B-00C04F79EFBC}") = "Meta.Voice.Samples.Dictation", "Meta.Voice.Samples.Dictation.csproj", "{E3634E88-92B9-D011-CCE8-0B53BE3BABC6}"
EndProject
Project("{FAE04EC0-301F-11D3-BF4B-00C04F79EFBC}") = "Meta.Voice.Samples.Shapes", "Meta.Voice.Samples.Shapes.csproj", "{80640C57-8396-CD9E-054A-BADB6B171F19}"
EndProject
Project("{FAE04EC0-301F-11D3-BF4B-00C04F79EFBC}") = "Oculus.Interaction.Samples.Editor", "Oculus.Interaction.Samples.Editor.csproj", "{783B66F8-9A36-4F3F-ADBD-FEE98F34E2E5}"
EndProject
Project("{FAE04EC0-301F-11D3-BF4B-00C04F79EFBC}") = "Meta.WitAi.TTS.Editor", "Meta.WitAi.TTS.Editor.csproj", "{917C007F-A363-1C05-0CFF-B198F3592D73}"
EndProject
Project("{FAE04EC0-301F-11D3-BF4B-00C04F79EFBC}") = "Meta.XR.BuildingBlocks", "Meta.XR.BuildingBlocks.csproj", "{CA06B8E9-19A3-0ED8-BE71-7939FE59A7CF}"
EndProject
Project("{FAE04EC0-301F-11D3-BF4B-00C04F79EFBC}") = "Oculus.Spatializer", "Oculus.Spatializer.csproj", "{BB4C64A0-A409-1160-A543-3952202B4C26}"
EndProject
Project("{FAE04EC0-301F-11D3-BF4B-00C04F79EFBC}") = "Oculus.LipSync.Editor", "Oculus.LipSync.Editor.csproj", "{07190146-F669-721D-8504-A6D4CF2906C3}"
EndProject
Project("{FAE04EC0-301F-11D3-BF4B-00C04F79EFBC}") = "Oculus.AudioManager.Utils.Editor", "Oculus.AudioManager.Utils.Editor.csproj", "{D293B0E1-64D0-E839-1BA9-51D08A3DA52E}"
EndProject
Project("{FAE04EC0-301F-11D3-BF4B-00C04F79EFBC}") = "Meta.VoiceSDK.Mic.Common", "Meta.VoiceSDK.Mic.Common.csproj", "{AD95CC2C-A038-A065-626A-8A9E552914E0}"
EndProject
Project("{FAE04EC0-301F-11D3-BF4B-00C04F79EFBC}") = "VoiceSDK.Dictation.Editor", "VoiceSDK.Dictation.Editor.csproj", "{ACF88C35-3893-F647-8112-A0038E4319F2}"
EndProject
Project("{FAE04EC0-301F-11D3-BF4B-00C04F79EFBC}") = "Meta.VoiceSDK.Mic.Other", "Meta.VoiceSDK.Mic.Other.csproj", "{FFACF296-CD04-5479-FD22-F599AF184308}"
EndProject
Project("{FAE04EC0-301F-11D3-BF4B-00C04F79EFBC}") = "AssistantCoreSDKEditor", "AssistantCoreSDKEditor.csproj", "{28E9946D-9D01-2D7E-AD7C-52B928D6BD47}"
EndProject
Project("{FAE04EC0-301F-11D3-BF4B-00C04F79EFBC}") = "Oculus.Interaction.InterfaceSupport", "Oculus.Interaction.InterfaceSupport.csproj", "{C297998A-E875-01B2-6A98-205767611AC1}"
EndProject
Project("{FAE04EC0-301F-11D3-BF4B-00C04F79EFBC}") = "Meta.Voice.Samples.LiveUnderstanding", "Meta.Voice.Samples.LiveUnderstanding.csproj", "{BA058FC5-C364-FCF8-72DB-844FFED2FD7A}"
EndProject
Project("{FAE04EC0-301F-11D3-BF4B-00C04F79EFBC}") = "Facebook.Wit.Dictation.Editor", "Facebook.Wit.Dictation.Editor.csproj", "{ACBB4D26-0681-A5E7-997C-20EFDBD3FE7E}"
EndProject
Project("{FAE04EC0-301F-11D3-BF4B-00C04F79EFBC}") = "Meta.VoiceSDK.Mic.WebGL", "Meta.VoiceSDK.Mic.WebGL.csproj", "{D1B21851-9EE6-7ED2-7C3C-CD75808598C3}"
EndProject
Global
	GlobalSection(SolutionConfigurationPlatforms) = preSolution
		Debug|Any CPU = Debug|Any CPU
		Release|Any CPU = Release|Any CPU
	EndGlobalSection
	GlobalSection(ProjectConfigurationPlatforms) = postSolution
		{344F75E3-17BA-9D67-0F2D-68E5F034C5C0}.Debug|Any CPU.ActiveCfg = Debug|Any CPU
		{344F75E3-17BA-9D67-0F2D-68E5F034C5C0}.Debug|Any CPU.Build.0 = Debug|Any CPU
		{344F75E3-17BA-9D67-0F2D-68E5F034C5C0}.Release|Any CPU.ActiveCfg = Release|Any CPU
		{344F75E3-17BA-9D67-0F2D-68E5F034C5C0}.Release|Any CPU.Build.0 = Release|Any CPU
		{56A59B9B-BADA-3F90-C456-14A4C9893F60}.Debug|Any CPU.ActiveCfg = Debug|Any CPU
		{56A59B9B-BADA-3F90-C456-14A4C9893F60}.Debug|Any CPU.Build.0 = Debug|Any CPU
		{56A59B9B-BADA-3F90-C456-14A4C9893F60}.Release|Any CPU.ActiveCfg = Release|Any CPU
		{56A59B9B-BADA-3F90-C456-14A4C9893F60}.Release|Any CPU.Build.0 = Release|Any CPU
		{8CEEED72-65CC-FD86-ACE3-17CD9B177E30}.Debug|Any CPU.ActiveCfg = Debug|Any CPU
		{8CEEED72-65CC-FD86-ACE3-17CD9B177E30}.Debug|Any CPU.Build.0 = Debug|Any CPU
		{8CEEED72-65CC-FD86-ACE3-17CD9B177E30}.Release|Any CPU.ActiveCfg = Release|Any CPU
		{8CEEED72-65CC-FD86-ACE3-17CD9B177E30}.Release|Any CPU.Build.0 = Release|Any CPU
		{4406E449-9C24-905A-8C5C-7F4EBCB2CEE9}.Debug|Any CPU.ActiveCfg = Debug|Any CPU
		{4406E449-9C24-905A-8C5C-7F4EBCB2CEE9}.Debug|Any CPU.Build.0 = Debug|Any CPU
		{4406E449-9C24-905A-8C5C-7F4EBCB2CEE9}.Release|Any CPU.ActiveCfg = Release|Any CPU
		{4406E449-9C24-905A-8C5C-7F4EBCB2CEE9}.Release|Any CPU.Build.0 = Release|Any CPU
		{3BB59EBF-9429-57A9-CE17-2E89EAD870E7}.Debug|Any CPU.ActiveCfg = Debug|Any CPU
		{3BB59EBF-9429-57A9-CE17-2E89EAD870E7}.Debug|Any CPU.Build.0 = Debug|Any CPU
		{3BB59EBF-9429-57A9-CE17-2E89EAD870E7}.Release|Any CPU.ActiveCfg = Release|Any CPU
		{3BB59EBF-9429-57A9-CE17-2E89EAD870E7}.Release|Any CPU.Build.0 = Release|Any CPU
		{48A567E4-70BA-D32E-96B3-981CA7049DDB}.Debug|Any CPU.ActiveCfg = Debug|Any CPU
		{48A567E4-70BA-D32E-96B3-981CA7049DDB}.Debug|Any CPU.Build.0 = Debug|Any CPU
		{48A567E4-70BA-D32E-96B3-981CA7049DDB}.Release|Any CPU.ActiveCfg = Release|Any CPU
		{48A567E4-70BA-D32E-96B3-981CA7049DDB}.Release|Any CPU.Build.0 = Release|Any CPU
		{11A8BA60-CA96-B130-8560-67747F7F77E9}.Debug|Any CPU.ActiveCfg = Debug|Any CPU
		{11A8BA60-CA96-B130-8560-67747F7F77E9}.Debug|Any CPU.Build.0 = Debug|Any CPU
		{11A8BA60-CA96-B130-8560-67747F7F77E9}.Release|Any CPU.ActiveCfg = Release|Any CPU
		{11A8BA60-CA96-B130-8560-67747F7F77E9}.Release|Any CPU.Build.0 = Release|Any CPU
		{BFEE745F-9187-F3FC-5494-76EF52A47006}.Debug|Any CPU.ActiveCfg = Debug|Any CPU
		{BFEE745F-9187-F3FC-5494-76EF52A47006}.Debug|Any CPU.Build.0 = Debug|Any CPU
		{BFEE745F-9187-F3FC-5494-76EF52A47006}.Release|Any CPU.ActiveCfg = Release|Any CPU
		{BFEE745F-9187-F3FC-5494-76EF52A47006}.Release|Any CPU.Build.0 = Release|Any CPU
		{A34AC3C7-2048-F1E5-91C0-154D9C7BCDAD}.Debug|Any CPU.ActiveCfg = Debug|Any CPU
		{A34AC3C7-2048-F1E5-91C0-154D9C7BCDAD}.Debug|Any CPU.Build.0 = Debug|Any CPU
		{A34AC3C7-2048-F1E5-91C0-154D9C7BCDAD}.Release|Any CPU.ActiveCfg = Release|Any CPU
		{A34AC3C7-2048-F1E5-91C0-154D9C7BCDAD}.Release|Any CPU.Build.0 = Release|Any CPU
		{A46D6987-7549-6E3A-589B-DD675A23DD81}.Debug|Any CPU.ActiveCfg = Debug|Any CPU
		{A46D6987-7549-6E3A-589B-DD675A23DD81}.Debug|Any CPU.Build.0 = Debug|Any CPU
		{A46D6987-7549-6E3A-589B-DD675A23DD81}.Release|Any CPU.ActiveCfg = Release|Any CPU
		{A46D6987-7549-6E3A-589B-DD675A23DD81}.Release|Any CPU.Build.0 = Release|Any CPU
		{1E2DDBB3-BA42-F4AC-7F3B-8D4E1A7916E7}.Debug|Any CPU.ActiveCfg = Debug|Any CPU
		{1E2DDBB3-BA42-F4AC-7F3B-8D4E1A7916E7}.Debug|Any CPU.Build.0 = Debug|Any CPU
		{1E2DDBB3-BA42-F4AC-7F3B-8D4E1A7916E7}.Release|Any CPU.ActiveCfg = Release|Any CPU
		{1E2DDBB3-BA42-F4AC-7F3B-8D4E1A7916E7}.Release|Any CPU.Build.0 = Release|Any CPU
		{C5250F9B-EFC0-6C6B-0738-2EE1A7B59620}.Debug|Any CPU.ActiveCfg = Debug|Any CPU
		{C5250F9B-EFC0-6C6B-0738-2EE1A7B59620}.Debug|Any CPU.Build.0 = Debug|Any CPU
		{C5250F9B-EFC0-6C6B-0738-2EE1A7B59620}.Release|Any CPU.ActiveCfg = Release|Any CPU
		{C5250F9B-EFC0-6C6B-0738-2EE1A7B59620}.Release|Any CPU.Build.0 = Release|Any CPU
		{463E51E6-A4B3-5576-880B-3C96F08EAF2D}.Debug|Any CPU.ActiveCfg = Debug|Any CPU
		{463E51E6-A4B3-5576-880B-3C96F08EAF2D}.Debug|Any CPU.Build.0 = Debug|Any CPU
		{463E51E6-A4B3-5576-880B-3C96F08EAF2D}.Release|Any CPU.ActiveCfg = Release|Any CPU
		{463E51E6-A4B3-5576-880B-3C96F08EAF2D}.Release|Any CPU.Build.0 = Release|Any CPU
		{428FE28F-70E5-DF41-9CD9-DA35C59A3673}.Debug|Any CPU.ActiveCfg = Debug|Any CPU
		{428FE28F-70E5-DF41-9CD9-DA35C59A3673}.Debug|Any CPU.Build.0 = Debug|Any CPU
		{428FE28F-70E5-DF41-9CD9-DA35C59A3673}.Release|Any CPU.ActiveCfg = Release|Any CPU
		{428FE28F-70E5-DF41-9CD9-DA35C59A3673}.Release|Any CPU.Build.0 = Release|Any CPU
		{CCE51DF3-663C-FD34-A995-D03454883D53}.Debug|Any CPU.ActiveCfg = Debug|Any CPU
		{CCE51DF3-663C-FD34-A995-D03454883D53}.Debug|Any CPU.Build.0 = Debug|Any CPU
		{CCE51DF3-663C-FD34-A995-D03454883D53}.Release|Any CPU.ActiveCfg = Release|Any CPU
		{CCE51DF3-663C-FD34-A995-D03454883D53}.Release|Any CPU.Build.0 = Release|Any CPU
		{2981E288-55AF-2BFF-09CD-7699BCFE7F28}.Debug|Any CPU.ActiveCfg = Debug|Any CPU
		{2981E288-55AF-2BFF-09CD-7699BCFE7F28}.Debug|Any CPU.Build.0 = Debug|Any CPU
		{2981E288-55AF-2BFF-09CD-7699BCFE7F28}.Release|Any CPU.ActiveCfg = Release|Any CPU
		{2981E288-55AF-2BFF-09CD-7699BCFE7F28}.Release|Any CPU.Build.0 = Release|Any CPU
		{B0B7A2F3-DF34-8E0C-027B-C48439DD8482}.Debug|Any CPU.ActiveCfg = Debug|Any CPU
		{B0B7A2F3-DF34-8E0C-027B-C48439DD8482}.Debug|Any CPU.Build.0 = Debug|Any CPU
		{B0B7A2F3-DF34-8E0C-027B-C48439DD8482}.Release|Any CPU.ActiveCfg = Release|Any CPU
		{B0B7A2F3-DF34-8E0C-027B-C48439DD8482}.Release|Any CPU.Build.0 = Release|Any CPU
		{DBE54336-6934-0D26-6080-C45D337133FA}.Debug|Any CPU.ActiveCfg = Debug|Any CPU
		{DBE54336-6934-0D26-6080-C45D337133FA}.Debug|Any CPU.Build.0 = Debug|Any CPU
		{DBE54336-6934-0D26-6080-C45D337133FA}.Release|Any CPU.ActiveCfg = Release|Any CPU
		{DBE54336-6934-0D26-6080-C45D337133FA}.Release|Any CPU.Build.0 = Release|Any CPU
		{32952AB4-E003-8119-9201-BC962FA61FA1}.Debug|Any CPU.ActiveCfg = Debug|Any CPU
		{32952AB4-E003-8119-9201-BC962FA61FA1}.Debug|Any CPU.Build.0 = Debug|Any CPU
		{32952AB4-E003-8119-9201-BC962FA61FA1}.Release|Any CPU.ActiveCfg = Release|Any CPU
		{32952AB4-E003-8119-9201-BC962FA61FA1}.Release|Any CPU.Build.0 = Release|Any CPU
		{1F79ACEB-0858-D279-D6DB-A2A625FD488D}.Debug|Any CPU.ActiveCfg = Debug|Any CPU
		{1F79ACEB-0858-D279-D6DB-A2A625FD488D}.Debug|Any CPU.Build.0 = Debug|Any CPU
		{1F79ACEB-0858-D279-D6DB-A2A625FD488D}.Release|Any CPU.ActiveCfg = Release|Any CPU
		{1F79ACEB-0858-D279-D6DB-A2A625FD488D}.Release|Any CPU.Build.0 = Release|Any CPU
		{EB145CA4-EB58-2E58-5489-76C7E3B52936}.Debug|Any CPU.ActiveCfg = Debug|Any CPU
		{EB145CA4-EB58-2E58-5489-76C7E3B52936}.Debug|Any CPU.Build.0 = Debug|Any CPU
		{EB145CA4-EB58-2E58-5489-76C7E3B52936}.Release|Any CPU.ActiveCfg = Release|Any CPU
		{EB145CA4-EB58-2E58-5489-76C7E3B52936}.Release|Any CPU.Build.0 = Release|Any CPU
		{CD85536F-DACB-CBC7-59DA-774246487EB0}.Debug|Any CPU.ActiveCfg = Debug|Any CPU
		{CD85536F-DACB-CBC7-59DA-774246487EB0}.Debug|Any CPU.Build.0 = Debug|Any CPU
		{CD85536F-DACB-CBC7-59DA-774246487EB0}.Release|Any CPU.ActiveCfg = Release|Any CPU
		{CD85536F-DACB-CBC7-59DA-774246487EB0}.Release|Any CPU.Build.0 = Release|Any CPU
		{BE539B4F-723D-5473-A892-B720A2C4A67C}.Debug|Any CPU.ActiveCfg = Debug|Any CPU
		{BE539B4F-723D-5473-A892-B720A2C4A67C}.Debug|Any CPU.Build.0 = Debug|Any CPU
		{BE539B4F-723D-5473-A892-B720A2C4A67C}.Release|Any CPU.ActiveCfg = Release|Any CPU
		{BE539B4F-723D-5473-A892-B720A2C4A67C}.Release|Any CPU.Build.0 = Release|Any CPU
		{47CA7015-B843-12F6-08C8-8EBD2F5E1CFA}.Debug|Any CPU.ActiveCfg = Debug|Any CPU
		{47CA7015-B843-12F6-08C8-8EBD2F5E1CFA}.Debug|Any CPU.Build.0 = Debug|Any CPU
		{47CA7015-B843-12F6-08C8-8EBD2F5E1CFA}.Release|Any CPU.ActiveCfg = Release|Any CPU
		{47CA7015-B843-12F6-08C8-8EBD2F5E1CFA}.Release|Any CPU.Build.0 = Release|Any CPU
		{1B25B605-6226-14F5-F659-36B0DCDE0620}.Debug|Any CPU.ActiveCfg = Debug|Any CPU
		{1B25B605-6226-14F5-F659-36B0DCDE0620}.Debug|Any CPU.Build.0 = Debug|Any CPU
		{1B25B605-6226-14F5-F659-36B0DCDE0620}.Release|Any CPU.ActiveCfg = Release|Any CPU
		{1B25B605-6226-14F5-F659-36B0DCDE0620}.Release|Any CPU.Build.0 = Release|Any CPU
		{A8E50742-01FE-3294-4F75-9C2262E63772}.Debug|Any CPU.ActiveCfg = Debug|Any CPU
		{A8E50742-01FE-3294-4F75-9C2262E63772}.Debug|Any CPU.Build.0 = Debug|Any CPU
		{A8E50742-01FE-3294-4F75-9C2262E63772}.Release|Any CPU.ActiveCfg = Release|Any CPU
		{A8E50742-01FE-3294-4F75-9C2262E63772}.Release|Any CPU.Build.0 = Release|Any CPU
		{43A0F674-EC30-0D2B-635E-766C70B7C382}.Debug|Any CPU.ActiveCfg = Debug|Any CPU
		{43A0F674-EC30-0D2B-635E-766C70B7C382}.Debug|Any CPU.Build.0 = Debug|Any CPU
		{43A0F674-EC30-0D2B-635E-766C70B7C382}.Release|Any CPU.ActiveCfg = Release|Any CPU
		{43A0F674-EC30-0D2B-635E-766C70B7C382}.Release|Any CPU.Build.0 = Release|Any CPU
		{222F2E8B-9C03-CB6A-E3DB-C7516A4D0EC0}.Debug|Any CPU.ActiveCfg = Debug|Any CPU
		{222F2E8B-9C03-CB6A-E3DB-C7516A4D0EC0}.Debug|Any CPU.Build.0 = Debug|Any CPU
		{222F2E8B-9C03-CB6A-E3DB-C7516A4D0EC0}.Release|Any CPU.ActiveCfg = Release|Any CPU
		{222F2E8B-9C03-CB6A-E3DB-C7516A4D0EC0}.Release|Any CPU.Build.0 = Release|Any CPU
		{8590249B-5858-F9A5-8FA8-4C793DE52FFA}.Debug|Any CPU.ActiveCfg = Debug|Any CPU
		{8590249B-5858-F9A5-8FA8-4C793DE52FFA}.Debug|Any CPU.Build.0 = Debug|Any CPU
		{8590249B-5858-F9A5-8FA8-4C793DE52FFA}.Release|Any CPU.ActiveCfg = Release|Any CPU
		{8590249B-5858-F9A5-8FA8-4C793DE52FFA}.Release|Any CPU.Build.0 = Release|Any CPU
		{1113A672-1E32-298C-8992-72E46CF0B60C}.Debug|Any CPU.ActiveCfg = Debug|Any CPU
		{1113A672-1E32-298C-8992-72E46CF0B60C}.Debug|Any CPU.Build.0 = Debug|Any CPU
		{1113A672-1E32-298C-8992-72E46CF0B60C}.Release|Any CPU.ActiveCfg = Release|Any CPU
		{1113A672-1E32-298C-8992-72E46CF0B60C}.Release|Any CPU.Build.0 = Release|Any CPU
		{EBE9B5B8-5756-0BFC-BCD2-E3B5E82E1415}.Debug|Any CPU.ActiveCfg = Debug|Any CPU
		{EBE9B5B8-5756-0BFC-BCD2-E3B5E82E1415}.Debug|Any CPU.Build.0 = Debug|Any CPU
		{EBE9B5B8-5756-0BFC-BCD2-E3B5E82E1415}.Release|Any CPU.ActiveCfg = Release|Any CPU
		{EBE9B5B8-5756-0BFC-BCD2-E3B5E82E1415}.Release|Any CPU.Build.0 = Release|Any CPU
		{94A3B061-0B03-F6FC-8CAA-B9329AD0528A}.Debug|Any CPU.ActiveCfg = Debug|Any CPU
		{94A3B061-0B03-F6FC-8CAA-B9329AD0528A}.Debug|Any CPU.Build.0 = Debug|Any CPU
		{94A3B061-0B03-F6FC-8CAA-B9329AD0528A}.Release|Any CPU.ActiveCfg = Release|Any CPU
		{94A3B061-0B03-F6FC-8CAA-B9329AD0528A}.Release|Any CPU.Build.0 = Release|Any CPU
		{3B476412-6E49-7300-714E-2BF55AB4C93D}.Debug|Any CPU.ActiveCfg = Debug|Any CPU
		{3B476412-6E49-7300-714E-2BF55AB4C93D}.Debug|Any CPU.Build.0 = Debug|Any CPU
		{3B476412-6E49-7300-714E-2BF55AB4C93D}.Release|Any CPU.ActiveCfg = Release|Any CPU
		{3B476412-6E49-7300-714E-2BF55AB4C93D}.Release|Any CPU.Build.0 = Release|Any CPU
		{AE869ED8-0256-6984-10E1-5C00E37E3049}.Debug|Any CPU.ActiveCfg = Debug|Any CPU
		{AE869ED8-0256-6984-10E1-5C00E37E3049}.Debug|Any CPU.Build.0 = Debug|Any CPU
		{AE869ED8-0256-6984-10E1-5C00E37E3049}.Release|Any CPU.ActiveCfg = Release|Any CPU
		{AE869ED8-0256-6984-10E1-5C00E37E3049}.Release|Any CPU.Build.0 = Release|Any CPU
		{44ACE1B8-99B9-0EE2-E87E-A287B9A53099}.Debug|Any CPU.ActiveCfg = Debug|Any CPU
		{44ACE1B8-99B9-0EE2-E87E-A287B9A53099}.Debug|Any CPU.Build.0 = Debug|Any CPU
		{44ACE1B8-99B9-0EE2-E87E-A287B9A53099}.Release|Any CPU.ActiveCfg = Release|Any CPU
		{44ACE1B8-99B9-0EE2-E87E-A287B9A53099}.Release|Any CPU.Build.0 = Release|Any CPU
		{C6AF2B48-963A-FE39-0085-E662E3088505}.Debug|Any CPU.ActiveCfg = Debug|Any CPU
		{C6AF2B48-963A-FE39-0085-E662E3088505}.Debug|Any CPU.Build.0 = Debug|Any CPU
		{C6AF2B48-963A-FE39-0085-E662E3088505}.Release|Any CPU.ActiveCfg = Release|Any CPU
		{C6AF2B48-963A-FE39-0085-E662E3088505}.Release|Any CPU.Build.0 = Release|Any CPU
		{B85BE66D-8A13-753F-9035-D8A833E07E98}.Debug|Any CPU.ActiveCfg = Debug|Any CPU
		{B85BE66D-8A13-753F-9035-D8A833E07E98}.Debug|Any CPU.Build.0 = Debug|Any CPU
		{B85BE66D-8A13-753F-9035-D8A833E07E98}.Release|Any CPU.ActiveCfg = Release|Any CPU
		{B85BE66D-8A13-753F-9035-D8A833E07E98}.Release|Any CPU.Build.0 = Release|Any CPU
		{672635E2-2A8D-4316-C25D-B5CD1BBAB8C8}.Debug|Any CPU.ActiveCfg = Debug|Any CPU
		{672635E2-2A8D-4316-C25D-B5CD1BBAB8C8}.Debug|Any CPU.Build.0 = Debug|Any CPU
		{672635E2-2A8D-4316-C25D-B5CD1BBAB8C8}.Release|Any CPU.ActiveCfg = Release|Any CPU
		{672635E2-2A8D-4316-C25D-B5CD1BBAB8C8}.Release|Any CPU.Build.0 = Release|Any CPU
		{E3634E88-92B9-D011-CCE8-0B53BE3BABC6}.Debug|Any CPU.ActiveCfg = Debug|Any CPU
		{E3634E88-92B9-D011-CCE8-0B53BE3BABC6}.Debug|Any CPU.Build.0 = Debug|Any CPU
		{E3634E88-92B9-D011-CCE8-0B53BE3BABC6}.Release|Any CPU.ActiveCfg = Release|Any CPU
		{E3634E88-92B9-D011-CCE8-0B53BE3BABC6}.Release|Any CPU.Build.0 = Release|Any CPU
		{80640C57-8396-CD9E-054A-BADB6B171F19}.Debug|Any CPU.ActiveCfg = Debug|Any CPU
		{80640C57-8396-CD9E-054A-BADB6B171F19}.Debug|Any CPU.Build.0 = Debug|Any CPU
		{80640C57-8396-CD9E-054A-BADB6B171F19}.Release|Any CPU.ActiveCfg = Release|Any CPU
		{80640C57-8396-CD9E-054A-BADB6B171F19}.Release|Any CPU.Build.0 = Release|Any CPU
		{783B66F8-9A36-4F3F-ADBD-FEE98F34E2E5}.Debug|Any CPU.ActiveCfg = Debug|Any CPU
		{783B66F8-9A36-4F3F-ADBD-FEE98F34E2E5}.Debug|Any CPU.Build.0 = Debug|Any CPU
		{783B66F8-9A36-4F3F-ADBD-FEE98F34E2E5}.Release|Any CPU.ActiveCfg = Release|Any CPU
		{783B66F8-9A36-4F3F-ADBD-FEE98F34E2E5}.Release|Any CPU.Build.0 = Release|Any CPU
		{917C007F-A363-1C05-0CFF-B198F3592D73}.Debug|Any CPU.ActiveCfg = Debug|Any CPU
		{917C007F-A363-1C05-0CFF-B198F3592D73}.Debug|Any CPU.Build.0 = Debug|Any CPU
		{917C007F-A363-1C05-0CFF-B198F3592D73}.Release|Any CPU.ActiveCfg = Release|Any CPU
		{917C007F-A363-1C05-0CFF-B198F3592D73}.Release|Any CPU.Build.0 = Release|Any CPU
		{CA06B8E9-19A3-0ED8-BE71-7939FE59A7CF}.Debug|Any CPU.ActiveCfg = Debug|Any CPU
		{CA06B8E9-19A3-0ED8-BE71-7939FE59A7CF}.Debug|Any CPU.Build.0 = Debug|Any CPU
		{CA06B8E9-19A3-0ED8-BE71-7939FE59A7CF}.Release|Any CPU.ActiveCfg = Release|Any CPU
		{CA06B8E9-19A3-0ED8-BE71-7939FE59A7CF}.Release|Any CPU.Build.0 = Release|Any CPU
		{BB4C64A0-A409-1160-A543-3952202B4C26}.Debug|Any CPU.ActiveCfg = Debug|Any CPU
		{BB4C64A0-A409-1160-A543-3952202B4C26}.Debug|Any CPU.Build.0 = Debug|Any CPU
		{BB4C64A0-A409-1160-A543-3952202B4C26}.Release|Any CPU.ActiveCfg = Release|Any CPU
		{BB4C64A0-A409-1160-A543-3952202B4C26}.Release|Any CPU.Build.0 = Release|Any CPU
		{07190146-F669-721D-8504-A6D4CF2906C3}.Debug|Any CPU.ActiveCfg = Debug|Any CPU
		{07190146-F669-721D-8504-A6D4CF2906C3}.Debug|Any CPU.Build.0 = Debug|Any CPU
		{07190146-F669-721D-8504-A6D4CF2906C3}.Release|Any CPU.ActiveCfg = Release|Any CPU
		{07190146-F669-721D-8504-A6D4CF2906C3}.Release|Any CPU.Build.0 = Release|Any CPU
		{D293B0E1-64D0-E839-1BA9-51D08A3DA52E}.Debug|Any CPU.ActiveCfg = Debug|Any CPU
		{D293B0E1-64D0-E839-1BA9-51D08A3DA52E}.Debug|Any CPU.Build.0 = Debug|Any CPU
		{D293B0E1-64D0-E839-1BA9-51D08A3DA52E}.Release|Any CPU.ActiveCfg = Release|Any CPU
		{D293B0E1-64D0-E839-1BA9-51D08A3DA52E}.Release|Any CPU.Build.0 = Release|Any CPU
		{AD95CC2C-A038-A065-626A-8A9E552914E0}.Debug|Any CPU.ActiveCfg = Debug|Any CPU
		{AD95CC2C-A038-A065-626A-8A9E552914E0}.Debug|Any CPU.Build.0 = Debug|Any CPU
		{AD95CC2C-A038-A065-626A-8A9E552914E0}.Release|Any CPU.ActiveCfg = Release|Any CPU
		{AD95CC2C-A038-A065-626A-8A9E552914E0}.Release|Any CPU.Build.0 = Release|Any CPU
		{ACF88C35-3893-F647-8112-A0038E4319F2}.Debug|Any CPU.ActiveCfg = Debug|Any CPU
		{ACF88C35-3893-F647-8112-A0038E4319F2}.Debug|Any CPU.Build.0 = Debug|Any CPU
		{ACF88C35-3893-F647-8112-A0038E4319F2}.Release|Any CPU.ActiveCfg = Release|Any CPU
		{ACF88C35-3893-F647-8112-A0038E4319F2}.Release|Any CPU.Build.0 = Release|Any CPU
		{FFACF296-CD04-5479-FD22-F599AF184308}.Debug|Any CPU.ActiveCfg = Debug|Any CPU
		{FFACF296-CD04-5479-FD22-F599AF184308}.Debug|Any CPU.Build.0 = Debug|Any CPU
		{FFACF296-CD04-5479-FD22-F599AF184308}.Release|Any CPU.ActiveCfg = Release|Any CPU
		{FFACF296-CD04-5479-FD22-F599AF184308}.Release|Any CPU.Build.0 = Release|Any CPU
		{28E9946D-9D01-2D7E-AD7C-52B928D6BD47}.Debug|Any CPU.ActiveCfg = Debug|Any CPU
		{28E9946D-9D01-2D7E-AD7C-52B928D6BD47}.Debug|Any CPU.Build.0 = Debug|Any CPU
		{28E9946D-9D01-2D7E-AD7C-52B928D6BD47}.Release|Any CPU.ActiveCfg = Release|Any CPU
		{28E9946D-9D01-2D7E-AD7C-52B928D6BD47}.Release|Any CPU.Build.0 = Release|Any CPU
		{C297998A-E875-01B2-6A98-205767611AC1}.Debug|Any CPU.ActiveCfg = Debug|Any CPU
		{C297998A-E875-01B2-6A98-205767611AC1}.Debug|Any CPU.Build.0 = Debug|Any CPU
		{C297998A-E875-01B2-6A98-205767611AC1}.Release|Any CPU.ActiveCfg = Release|Any CPU
		{C297998A-E875-01B2-6A98-205767611AC1}.Release|Any CPU.Build.0 = Release|Any CPU
		{BA058FC5-C364-FCF8-72DB-844FFED2FD7A}.Debug|Any CPU.ActiveCfg = Debug|Any CPU
		{BA058FC5-C364-FCF8-72DB-844FFED2FD7A}.Debug|Any CPU.Build.0 = Debug|Any CPU
		{BA058FC5-C364-FCF8-72DB-844FFED2FD7A}.Release|Any CPU.ActiveCfg = Release|Any CPU
		{BA058FC5-C364-FCF8-72DB-844FFED2FD7A}.Release|Any CPU.Build.0 = Release|Any CPU
		{ACBB4D26-0681-A5E7-997C-20EFDBD3FE7E}.Debug|Any CPU.ActiveCfg = Debug|Any CPU
		{ACBB4D26-0681-A5E7-997C-20EFDBD3FE7E}.Debug|Any CPU.Build.0 = Debug|Any CPU
		{ACBB4D26-0681-A5E7-997C-20EFDBD3FE7E}.Release|Any CPU.ActiveCfg = Release|Any CPU
		{ACBB4D26-0681-A5E7-997C-20EFDBD3FE7E}.Release|Any CPU.Build.0 = Release|Any CPU
		{D1B21851-9EE6-7ED2-7C3C-CD75808598C3}.Debug|Any CPU.ActiveCfg = Debug|Any CPU
		{D1B21851-9EE6-7ED2-7C3C-CD75808598C3}.Debug|Any CPU.Build.0 = Debug|Any CPU
		{D1B21851-9EE6-7ED2-7C3C-CD75808598C3}.Release|Any CPU.ActiveCfg = Release|Any CPU
		{D1B21851-9EE6-7ED2-7C3C-CD75808598C3}.Release|Any CPU.Build.0 = Release|Any CPU
	EndGlobalSection
	GlobalSection(SolutionProperties) = preSolution
		HideSolutionNode = FALSE
	EndGlobalSection
EndGlobal
